
Microsoft Visual Studio Solution File, Format Version 12.00
# Visual Studio Version 17
VisualStudioVersion = 17.1.32210.238
MinimumVisualStudioVersion = 10.0.40219.1
Project("{FAE04EC0-301F-11D3-BF4B-00C04F79EFBC}") = "SpektrApp", "SpektrApp\SpektrApp.csproj", "{DBDC0D13-7625-4874-A728-CC557D21AC3C}"
EndProject
Global
	GlobalSection(SolutionConfigurationPlatforms) = preSolution
		Debug|Any CPU = Debug|Any CPU
		Release|Any CPU = Release|Any CPU
	EndGlobalSection
	GlobalSection(ProjectConfigurationPlatforms) = postSolution
		{DBDC0D13-7625-4874-A728-CC557D21AC3C}.Debug|Any CPU.ActiveCfg = Debug|Any CPU
		{DBDC0D13-7625-4874-A728-CC557D21AC3C}.Debug|Any CPU.Build.0 = Debug|Any CPU
		{DBDC0D13-7625-4874-A728-CC557D21AC3C}.Release|Any CPU.ActiveCfg = Release|Any CPU
		{DBDC0D13-7625-4874-A728-CC557D21AC3C}.Release|Any CPU.Build.0 = Release|Any CPU
	EndGlobalSection
	GlobalSection(SolutionProperties) = preSolution
		HideSolutionNode = FALSE
	EndGlobalSection
	GlobalSection(ExtensibilityGlobals) = postSolution
		SolutionGuid = {A420B6CB-672A-49F2-98E7-5896AB2F5897}
	EndGlobalSection
EndGlobal
